<?xml version="1.0" encoding="utf-8"?>
<Project ToolsVersion="4.0" xmlns="http://schemas.microsoft.com/developer/msbuild/2003">
  <ItemGroup>
    <Filter Include="Source Files">
      <UniqueIdentifier>{4FC737F1-C7A5-4376-A066-2A32D752A2FF}</UniqueIdentifier>
      <Extensions>cpp;c;cc;cxx;c++;cppm;ixx;def;odl;idl;hpj;bat;asm;asmx</Extensions>
    </Filter>
    <Filter Include="Header Files">
      <UniqueIdentifier>{93995380-89BD-4b04-88EB-625FBE52EBFB}</UniqueIdentifier>
      <Extensions>h;hh;hpp;hxx;h++;hm;inl;inc;ipp;xsd</Extensions>
    </Filter>
    <Filter Include="Library Files">
      <UniqueIdentifier>{6e4c17a2-968e-44cb-9bfc-307bdea2c193}</UniqueIdentifier>
    </Filter>
    <Filter Include="Library Files\imgui">
      <UniqueIdentifier>{a1ff2d80-c96e-4006-ae9f-101449f8bf31}</UniqueIdentifier>
    </Filter>
    <Filter Include="Header Files\Type Files">
      <UniqueIdentifier>{9c01ff70-29be-4ea0-b587-779e1a5e4151}</UniqueIdentifier>
    </Filter>
    <Filter Include="Header Files\Scripting Types">
      <UniqueIdentifier>{14828542-9563-4999-abd7-7243d172df66}</UniqueIdentifier>
    </Filter>
    <Filter Include="Header Files\Unity Types">
      <UniqueIdentifier>{97e8ffb9-3373-469c-b601-e5cfeb7e234c}</UniqueIdentifier>
    </Filter>
  </ItemGroup>
  <ItemGroup>
    <ClCompile Include="main.cpp">
      <Filter>Source Files</Filter>
    </ClCompile>
    <ClCompile Include="graphics_handler.cpp">
      <Filter>Source Files</Filter>
    </ClCompile>
    <ClCompile Include="memory_handler.cpp">
      <Filter>Source Files</Filter>
    </ClCompile>
    <ClCompile Include="imgui\imgui.cpp">
      <Filter>Library Files\imgui</Filter>
    </ClCompile>
    <ClCompile Include="imgui\imgui_demo.cpp">
      <Filter>Library Files\imgui</Filter>
    </ClCompile>
    <ClCompile Include="imgui\imgui_draw.cpp">
      <Filter>Library Files\imgui</Filter>
    </ClCompile>
    <ClCompile Include="imgui\imgui_impl_dx11.cpp">
      <Filter>Library Files\imgui</Filter>
    </ClCompile>
    <ClCompile Include="imgui\imgui_impl_win32.cpp">
      <Filter>Library Files\imgui</Filter>
    </ClCompile>
    <ClCompile Include="imgui\imgui_tables.cpp">
      <Filter>Library Files\imgui</Filter>
    </ClCompile>
    <ClCompile Include="imgui\imgui_widgets.cpp">
      <Filter>Library Files\imgui</Filter>
    </ClCompile>
    <ClCompile Include="menu.cpp">
      <Filter>Source Files</Filter>
    </ClCompile>
    <ClCompile Include="overlay.cpp">
      <Filter>Source Files</Filter>
    </ClCompile>
    <ClCompile Include="managers.cpp">
      <Filter>Source Files</Filter>
    </ClCompile>
    <ClCompile Include="process_state.cpp">
      <Filter>Source Files</Filter>
    </ClCompile>
  </ItemGroup>
  <ItemGroup>
    <ClInclude Include="utility.hpp">
      <Filter>Header Files</Filter>
    </ClInclude>
    <ClInclude Include="offset.hpp">
      <Filter>Header Files</Filter>
    </ClInclude>
    <ClInclude Include="memory_handler.hpp">
      <Filter>Header Files</Filter>
    </ClInclude>
    <ClInclude Include="graphics_handler.hpp">
      <Filter>Header Files</Filter>
    </ClInclude>
    <ClInclude Include="bypass_handler.hpp">
      <Filter>Header Files</Filter>
    </ClInclude>
    <ClInclude Include="imgui\imconfig.h">
      <Filter>Library Files\imgui</Filter>
    </ClInclude>
    <ClInclude Include="imgui\imgui.h">
      <Filter>Library Files\imgui</Filter>
    </ClInclude>
    <ClInclude Include="imgui\imgui_impl_dx11.h">
      <Filter>Library Files\imgui</Filter>
    </ClInclude>
    <ClInclude Include="imgui\imgui_impl_win32.h">
      <Filter>Library Files\imgui</Filter>
    </ClInclude>
    <ClInclude Include="imgui\imgui_internal.h">
      <Filter>Library Files\imgui</Filter>
    </ClInclude>
    <ClInclude Include="imgui\imstb_rectpack.h">
      <Filter>Library Files\imgui</Filter>
    </ClInclude>
    <ClInclude Include="imgui\imstb_textedit.h">
      <Filter>Library Files\imgui</Filter>
    </ClInclude>
    <ClInclude Include="imgui\imstb_truetype.h">
      <Filter>Library Files\imgui</Filter>
    </ClInclude>
    <ClInclude Include="string_t.hpp">
      <Filter>Header Files\Type Files</Filter>
    </ClInclude>
    <ClInclude Include="list_t.hpp">
      <Filter>Header Files\Type Files</Filter>
    </ClInclude>
    <ClInclude Include="array_t.hpp">
      <Filter>Header Files\Type Files</Filter>
    </ClInclude>
    <ClInclude Include="game_object.hpp">
      <Filter>Header Files\Type Files</Filter>
    </ClInclude>
    <ClInclude Include="component.hpp">
      <Filter>Header Files\Type Files</Filter>
    </ClInclude>
    <ClInclude Include="camera.hpp">
      <Filter>Header Files\Type Files</Filter>
    </ClInclude>
    <ClInclude Include="transform.hpp">
      <Filter>Header Files\Type Files</Filter>
    </ClInclude>
    <ClInclude Include="menu.hpp">
      <Filter>Header Files</Filter>
    </ClInclude>
    <ClInclude Include="overlay.hpp">
      <Filter>Header Files</Filter>
    </ClInclude>
    <ClInclude Include="process_state.hpp">
      <Filter>Header Files</Filter>
    </ClInclude>
    <ClInclude Include="managers.hpp">
      <Filter>Header Files</Filter>
    </ClInclude>
    <ClInclude Include="unity.hpp">
      <Filter>Header Files\Type Files</Filter>
    </ClInclude>
    <ClInclude Include="debug.hpp">
      <Filter>Header Files\Type Files</Filter>
    </ClInclude>
    <ClInclude Include="scripting.hpp">
      <Filter>Header Files\Type Files</Filter>
    </ClInclude>
    <ClInclude Include="object.hpp">
      <Filter>Header Files\Type Files</Filter>
    </ClInclude>
    <ClInclude Include="unity_types\camera.hpp">
      <Filter>Header Files\Unity Types</Filter>
    </ClInclude>
    <ClInclude Include="unity_types\component.hpp">
      <Filter>Header Files\Unity Types</Filter>
    </ClInclude>
    <ClInclude Include="unity_types\debug.hpp">
      <Filter>Header Files\Unity Types</Filter>
    </ClInclude>
    <ClInclude Include="unity_types\game_object.hpp">
      <Filter>Header Files\Unity Types</Filter>
    </ClInclude>
    <ClInclude Include="unity_types\object.hpp">
      <Filter>Header Files\Unity Types</Filter>
    </ClInclude>
    <ClInclude Include="unity_types\transform.hpp">
      <Filter>Header Files\Unity Types</Filter>
    </ClInclude>
    <ClInclude Include="scripting_types\array_t.hpp">
      <Filter>Header Files\Scripting Types</Filter>
    </ClInclude>
    <ClInclude Include="scripting_types\list_t.hpp">
      <Filter>Header Files\Scripting Types</Filter>
    </ClInclude>
    <ClInclude Include="scripting_types\string_t.hpp">
      <Filter>Header Files\Scripting Types</Filter>
    </ClInclude>
  </ItemGroup>
</Project>